
Microsoft Visual Studio Solution File, Format Version 12.00
# Visual Studio Version 17
VisualStudioVersion = 17.3.32825.248
MinimumVisualStudioVersion = 10.0.40219.1
Project("{FAE04EC0-301F-11D3-BF4B-00C04F79EFBC}") = "ProyectoTP", "ProyectoTP.csproj", "{00C5C6E2-B6B4-4ABF-851E-2DF9C70039BE}"
EndProject
Global
	GlobalSection(SolutionConfigurationPlatforms) = preSolution
		Debug|Any CPU = Debug|Any CPU
		Release|Any CPU = Release|Any CPU
	EndGlobalSection
	GlobalSection(ProjectConfigurationPlatforms) = postSolution
		{00C5C6E2-B6B4-4ABF-851E-2DF9C70039BE}.Debug|Any CPU.ActiveCfg = Debug|Any CPU
		{00C5C6E2-B6B4-4ABF-851E-2DF9C70039BE}.Debug|Any CPU.Build.0 = Debug|Any CPU
		{00C5C6E2-B6B4-4ABF-851E-2DF9C70039BE}.Release|Any CPU.ActiveCfg = Release|Any CPU
		{00C5C6E2-B6B4-4ABF-851E-2DF9C70039BE}.Release|Any CPU.Build.0 = Release|Any CPU
	EndGlobalSection
	GlobalSection(SolutionProperties) = preSolution
		HideSolutionNode = FALSE
	EndGlobalSection
	GlobalSection(ExtensibilityGlobals) = postSolution
		SolutionGuid = {1695FB45-EE1A-494E-8176-95260009C4BE}
	EndGlobalSection
EndGlobal
